// !$*UTF8*$!
{
	archiveVersion = 1;
	classes = {
	};
	objectVersion = 48;
	objects = {

/* Begin PBXBuildFile section */
		12027CB21FF4BDA800912630 /* FileControlViewController.swift in Sources */ = {isa = PBXBuildFile; fileRef = 12027CB11FF4BDA800912630 /* FileControlViewController.swift */; };
		120A17901FC58FC3002767F6 /* Batchable.swift in Sources */ = {isa = PBXBuildFile; fileRef = 120A178F1FC58FC3002767F6 /* Batchable.swift */; };
		1224CB88201B94AD002DA245 /* DocumentCRUDTests.swift in Sources */ = {isa = PBXBuildFile; fileRef = 1224CB87201B94AD002DA245 /* DocumentCRUDTests.swift */; };
		1224CB8A201B9B42002DA245 /* SubColletionTests.swift in Sources */ = {isa = PBXBuildFile; fileRef = 1224CB89201B9B42002DA245 /* SubColletionTests.swift */; };
		1224CB8D201B9C71002DA245 /* User.swift in Sources */ = {isa = PBXBuildFile; fileRef = 1224CB8C201B9C71002DA245 /* User.swift */; };
		1224CB8F201B9C80002DA245 /* Item.swift in Sources */ = {isa = PBXBuildFile; fileRef = 1224CB8E201B9C80002DA245 /* Item.swift */; };
		122988692109D4A900068424 /* GoogleService-Info.plist in Resources */ = {isa = PBXBuildFile; fileRef = 122988682109D4A900068424 /* GoogleService-Info.plist */; };
		122FCCB31FA5C9D8005A069E /* NestedItem.swift in Sources */ = {isa = PBXBuildFile; fileRef = 122FCCB21FA5C9D8005A069E /* NestedItem.swift */; };
		123546CF1FA20102006DBDD6 /* TestOptionalDocument.swift in Sources */ = {isa = PBXBuildFile; fileRef = 123546CE1FA20102006DBDD6 /* TestOptionalDocument.swift */; };
		123F0A0720A2D80700C0EAC1 /* TestDocument.swift in Sources */ = {isa = PBXBuildFile; fileRef = 12AF83201F8CAF6E00561159 /* TestDocument.swift */; };
		123F0A0A20A2D95400C0EAC1 /* DataSource.swift in Sources */ = {isa = PBXBuildFile; fileRef = 12AF830E1F8CAEEC00561159 /* DataSource.swift */; };
		123F0A0B20A2D95400C0EAC1 /* Query.swift in Sources */ = {isa = PBXBuildFile; fileRef = 12C41E771FB31F41002B1526 /* Query.swift */; };
		123F0A0C20A2D95400C0EAC1 /* DataType.swift in Sources */ = {isa = PBXBuildFile; fileRef = 12AF83101F8CAEEC00561159 /* DataType.swift */; };
		123F0A0D20A2D95400C0EAC1 /* StorageLinkable.swift in Sources */ = {isa = PBXBuildFile; fileRef = 12F84CBB1FB054CD00D889BE /* StorageLinkable.swift */; };
		123F0A0E20A2D95400C0EAC1 /* Batchable.swift in Sources */ = {isa = PBXBuildFile; fileRef = 120A178F1FC58FC3002767F6 /* Batchable.swift */; };
		123F0A0F20A2D95400C0EAC1 /* Reference.swift in Sources */ = {isa = PBXBuildFile; fileRef = 1288E2211FCD203000E72594 /* Reference.swift */; };
		123F0A1020A2D95400C0EAC1 /* Relation.swift in Sources */ = {isa = PBXBuildFile; fileRef = 12AFC0212045912600E19B6D /* Relation.swift */; };
		123F0A1120A2D95400C0EAC1 /* Document.swift in Sources */ = {isa = PBXBuildFile; fileRef = 12AF83111F8CAEEC00561159 /* Document.swift */; };
		123F0A1220A2D95400C0EAC1 /* AnySubCollection.swift in Sources */ = {isa = PBXBuildFile; fileRef = 12CF86C1200C65300068BF70 /* AnySubCollection.swift */; };
		123F0A1320A2D95400C0EAC1 /* File.swift in Sources */ = {isa = PBXBuildFile; fileRef = 12AF83121F8CAEEC00561159 /* File.swift */; };
		123F0A1420A2D95400C0EAC1 /* Object.swift in Sources */ = {isa = PBXBuildFile; fileRef = 12AF83131F8CAEEC00561159 /* Object.swift */; };
		123F0A1520A2D95400C0EAC1 /* SubCollection.swift in Sources */ = {isa = PBXBuildFile; fileRef = 12AF83161F8CAEED00561159 /* SubCollection.swift */; };
		123F0A1620A2D95400C0EAC1 /* NestedCollection.swift in Sources */ = {isa = PBXBuildFile; fileRef = 12F4F5D3201845F5001D635E /* NestedCollection.swift */; };
		123F0A1720A2D95400C0EAC1 /* ReferenceCollection.swift in Sources */ = {isa = PBXBuildFile; fileRef = 12F4F5D5201846C3001D635E /* ReferenceCollection.swift */; };
		123F0A1820A2D95400C0EAC1 /* Disposer.swift in Sources */ = {isa = PBXBuildFile; fileRef = 12AF830F1F8CAEEC00561159 /* Disposer.swift */; };
		1249ABED1FB45DB400E78EA6 /* DataSourceViewController.swift in Sources */ = {isa = PBXBuildFile; fileRef = 1249ABEC1FB45DB400E78EA6 /* DataSourceViewController.swift */; };
		1249ABEF1FB45ED800E78EA6 /* DataSourceViewCell.swift in Sources */ = {isa = PBXBuildFile; fileRef = 1249ABEE1FB45ED800E78EA6 /* DataSourceViewCell.swift */; };
		124C323621B8043D001629C9 /* PackNestTests.swift in Sources */ = {isa = PBXBuildFile; fileRef = 124C323521B8043D001629C9 /* PackNestTests.swift */; };
		124C323821B80450001629C9 /* PackReferenceTests.swift in Sources */ = {isa = PBXBuildFile; fileRef = 124C323721B80450001629C9 /* PackReferenceTests.swift */; };
		126080401FB86FE2001B5DDA /* CollectionObject.swift in Sources */ = {isa = PBXBuildFile; fileRef = 1260803F1FB86FE2001B5DDA /* CollectionObject.swift */; };
		126080421FB991BD001B5DDA /* Collecor.swift in Sources */ = {isa = PBXBuildFile; fileRef = 126080411FB991BD001B5DDA /* Collecor.swift */; };
		1266EB2120215664005F5F41 /* CustomDocument.swift in Sources */ = {isa = PBXBuildFile; fileRef = 1266EB2020215664005F5F41 /* CustomDocument.swift */; };
		1281B0F31FE11A6500B8FCEE /* Transcript.swift in Sources */ = {isa = PBXBuildFile; fileRef = 1281B0F21FE11A6500B8FCEE /* Transcript.swift */; };
		1281D2AB204E955A00F5A89A /* MediaDataSourceViewController.swift in Sources */ = {isa = PBXBuildFile; fileRef = 1281D2AA204E955A00F5A89A /* MediaDataSourceViewController.swift */; };
		1281D2AE204E9A9F00F5A89A /* MediaDataSourceViewCell.swift in Sources */ = {isa = PBXBuildFile; fileRef = 1281D2AD204E9A9F00F5A89A /* MediaDataSourceViewCell.swift */; };
		1288E2221FCD203000E72594 /* Reference.swift in Sources */ = {isa = PBXBuildFile; fileRef = 1288E2211FCD203000E72594 /* Reference.swift */; };
		1288E2281FCE928400E72594 /* Photo.swift in Sources */ = {isa = PBXBuildFile; fileRef = 1288E2261FCE8C0900E72594 /* Photo.swift */; };
		1288E2291FCE9F2900E72594 /* Media.swift in Sources */ = {isa = PBXBuildFile; fileRef = 1288E2241FCE894C00E72594 /* Media.swift */; };
		1288E22B1FCEA46A00E72594 /* Video.swift in Sources */ = {isa = PBXBuildFile; fileRef = 1288E22A1FCEA46A00E72594 /* Video.swift */; };
		129E36921FA34F3200336C4D /* Item.swift in Sources */ = {isa = PBXBuildFile; fileRef = 129E36911FA34F3200336C4D /* Item.swift */; };
		12AF82FE1F8CAEDE00561159 /* Pring.framework in Frameworks */ = {isa = PBXBuildFile; fileRef = 12AF82F41F8CAEDE00561159 /* Pring.framework */; };
		12AF83031F8CAEDE00561159 /* PringTests.swift in Sources */ = {isa = PBXBuildFile; fileRef = 12AF83021F8CAEDE00561159 /* PringTests.swift */; };
		12AF83051F8CAEDE00561159 /* Pring.h in Headers */ = {isa = PBXBuildFile; fileRef = 12AF82F71F8CAEDE00561159 /* Pring.h */; settings = {ATTRIBUTES = (Public, ); }; };
		12AF83271F8CD1EE00561159 /* Pring.png in Resources */ = {isa = PBXBuildFile; fileRef = 12AF83261F8CD1ED00561159 /* Pring.png */; };
		12AF83311F8CD2F400561159 /* AppDelegate.swift in Sources */ = {isa = PBXBuildFile; fileRef = 12AF83301F8CD2F400561159 /* AppDelegate.swift */; };
		12AF83331F8CD2F400561159 /* ViewController.swift in Sources */ = {isa = PBXBuildFile; fileRef = 12AF83321F8CD2F400561159 /* ViewController.swift */; };
		12AF83361F8CD2F400561159 /* Main.storyboard in Resources */ = {isa = PBXBuildFile; fileRef = 12AF83341F8CD2F400561159 /* Main.storyboard */; };
		12AF83381F8CD2F400561159 /* Assets.xcassets in Resources */ = {isa = PBXBuildFile; fileRef = 12AF83371F8CD2F400561159 /* Assets.xcassets */; };
		12AF833B1F8CD2F400561159 /* LaunchScreen.storyboard in Resources */ = {isa = PBXBuildFile; fileRef = 12AF83391F8CD2F400561159 /* LaunchScreen.storyboard */; };
		12AF834F1F8CD48D00561159 /* Pring.png in Resources */ = {isa = PBXBuildFile; fileRef = 12AF83261F8CD1ED00561159 /* Pring.png */; };
		12AF83511F8CD4A400561159 /* User.swift in Sources */ = {isa = PBXBuildFile; fileRef = 12AF83501F8CD4A400561159 /* User.swift */; };
		12AF83521F8CE16900561159 /* DataSource.swift in Sources */ = {isa = PBXBuildFile; fileRef = 12AF830E1F8CAEEC00561159 /* DataSource.swift */; };
		12AF83531F8CE16900561159 /* DataType.swift in Sources */ = {isa = PBXBuildFile; fileRef = 12AF83101F8CAEEC00561159 /* DataType.swift */; };
		12AF83541F8CE16900561159 /* Disposer.swift in Sources */ = {isa = PBXBuildFile; fileRef = 12AF830F1F8CAEEC00561159 /* Disposer.swift */; };
		12AF83551F8CE16900561159 /* Document.swift in Sources */ = {isa = PBXBuildFile; fileRef = 12AF83111F8CAEEC00561159 /* Document.swift */; };
		12AF83561F8CE16900561159 /* File.swift in Sources */ = {isa = PBXBuildFile; fileRef = 12AF83121F8CAEEC00561159 /* File.swift */; };
		12AF83571F8CE16900561159 /* Object.swift in Sources */ = {isa = PBXBuildFile; fileRef = 12AF83131F8CAEEC00561159 /* Object.swift */; };
		12AF83581F8CE16900561159 /* SubCollection.swift in Sources */ = {isa = PBXBuildFile; fileRef = 12AF83161F8CAEED00561159 /* SubCollection.swift */; };
		12AFC0222045912600E19B6D /* Relation.swift in Sources */ = {isa = PBXBuildFile; fileRef = 12AFC0212045912600E19B6D /* Relation.swift */; };
		12BB91BD21C6267A00BD8166 /* List.swift in Sources */ = {isa = PBXBuildFile; fileRef = 12BB91BC21C6267A00BD8166 /* List.swift */; };
		12BB91BF21C6457100BD8166 /* Order.swift in Sources */ = {isa = PBXBuildFile; fileRef = 12BB91BE21C6457100BD8166 /* Order.swift */; };
		12BB91C121C6457900BD8166 /* OrderItem.swift in Sources */ = {isa = PBXBuildFile; fileRef = 12BB91C021C6457900BD8166 /* OrderItem.swift */; };
		12BB91C321C647BA00BD8166 /* List.swift in Sources */ = {isa = PBXBuildFile; fileRef = 12BB91BC21C6267A00BD8166 /* List.swift */; };
		12BB91C421C6497700BD8166 /* GoogleService-Info.plist in Resources */ = {isa = PBXBuildFile; fileRef = 122988682109D4A900068424 /* GoogleService-Info.plist */; };
		12BB91C521C68D4000BD8166 /* DataSource.swift in Sources */ = {isa = PBXBuildFile; fileRef = 12AF830E1F8CAEEC00561159 /* DataSource.swift */; };
		12BB91C621C68D4000BD8166 /* Query.swift in Sources */ = {isa = PBXBuildFile; fileRef = 12C41E771FB31F41002B1526 /* Query.swift */; };
		12BB91C721C68D4000BD8166 /* DataType.swift in Sources */ = {isa = PBXBuildFile; fileRef = 12AF83101F8CAEEC00561159 /* DataType.swift */; };
		12BB91C821C68D4000BD8166 /* StorageLinkable.swift in Sources */ = {isa = PBXBuildFile; fileRef = 12F84CBB1FB054CD00D889BE /* StorageLinkable.swift */; };
		12BB91C921C68D4000BD8166 /* Batchable.swift in Sources */ = {isa = PBXBuildFile; fileRef = 120A178F1FC58FC3002767F6 /* Batchable.swift */; };
		12BB91CA21C68D4000BD8166 /* Reference.swift in Sources */ = {isa = PBXBuildFile; fileRef = 1288E2211FCD203000E72594 /* Reference.swift */; };
		12BB91CB21C68D4000BD8166 /* Relation.swift in Sources */ = {isa = PBXBuildFile; fileRef = 12AFC0212045912600E19B6D /* Relation.swift */; };
		12BB91CC21C68D4000BD8166 /* Document.swift in Sources */ = {isa = PBXBuildFile; fileRef = 12AF83111F8CAEEC00561159 /* Document.swift */; };
		12BB91CD21C68D4000BD8166 /* AnySubCollection.swift in Sources */ = {isa = PBXBuildFile; fileRef = 12CF86C1200C65300068BF70 /* AnySubCollection.swift */; };
		12BB91CE21C68D4000BD8166 /* File.swift in Sources */ = {isa = PBXBuildFile; fileRef = 12AF83121F8CAEEC00561159 /* File.swift */; };
		12BB91CF21C68D4000BD8166 /* Object.swift in Sources */ = {isa = PBXBuildFile; fileRef = 12AF83131F8CAEEC00561159 /* Object.swift */; };
		12BB91D021C68D4000BD8166 /* List.swift in Sources */ = {isa = PBXBuildFile; fileRef = 12BB91BC21C6267A00BD8166 /* List.swift */; };
		12BB91D121C68D4000BD8166 /* SubCollection.swift in Sources */ = {isa = PBXBuildFile; fileRef = 12AF83161F8CAEED00561159 /* SubCollection.swift */; };
		12BB91D221C68D4000BD8166 /* NestedCollection.swift in Sources */ = {isa = PBXBuildFile; fileRef = 12F4F5D3201845F5001D635E /* NestedCollection.swift */; };
		12BB91D321C68D4000BD8166 /* ReferenceCollection.swift in Sources */ = {isa = PBXBuildFile; fileRef = 12F4F5D5201846C3001D635E /* ReferenceCollection.swift */; };
		12BB91D421C68D4000BD8166 /* Disposer.swift in Sources */ = {isa = PBXBuildFile; fileRef = 12AF830F1F8CAEEC00561159 /* Disposer.swift */; };
		12BB91D621C76DA900BD8166 /* ListTests.swift in Sources */ = {isa = PBXBuildFile; fileRef = 12BB91D521C76DA900BD8166 /* ListTests.swift */; };
		12BD88521FD165D80087A1C4 /* ReferenceItem.swift in Sources */ = {isa = PBXBuildFile; fileRef = 12BD88511FD165D80087A1C4 /* ReferenceItem.swift */; };
		12C41E761FB30FEE002B1526 /* DataSourceItem.swift in Sources */ = {isa = PBXBuildFile; fileRef = 12C41E751FB30FEE002B1526 /* DataSourceItem.swift */; };
		12C41E781FB31F41002B1526 /* Query.swift in Sources */ = {isa = PBXBuildFile; fileRef = 12C41E771FB31F41002B1526 /* Query.swift */; };
		12CF86C2200C65300068BF70 /* AnySubCollection.swift in Sources */ = {isa = PBXBuildFile; fileRef = 12CF86C1200C65300068BF70 /* AnySubCollection.swift */; };
		12D14A8B1FB150DA006679B6 /* MultipleFilesDocument.swift in Sources */ = {isa = PBXBuildFile; fileRef = 12D14A8A1FB150DA006679B6 /* MultipleFilesDocument.swift */; };
		12D14A8D1FB19236006679B6 /* MultipleFilesNestedItem.swift in Sources */ = {isa = PBXBuildFile; fileRef = 12D14A8C1FB19236006679B6 /* MultipleFilesNestedItem.swift */; };
		12D7BDB52057E94D00023D87 /* MultipleFilesShallowPathItem.swift in Sources */ = {isa = PBXBuildFile; fileRef = 12D7BDB42057E94D00023D87 /* MultipleFilesShallowPathItem.swift */; };
		12E6F5A71FCED42D00347F4C /* Group.swift in Sources */ = {isa = PBXBuildFile; fileRef = 12E6F5A61FCED42D00347F4C /* Group.swift */; };
		12F31A6E21AAE28E00E4E63E /* TypeTests.swift in Sources */ = {isa = PBXBuildFile; fileRef = 12F31A6D21AAE28E00E4E63E /* TypeTests.swift */; };
		12F4F5D4201845F5001D635E /* NestedCollection.swift in Sources */ = {isa = PBXBuildFile; fileRef = 12F4F5D3201845F5001D635E /* NestedCollection.swift */; };
		12F4F5D6201846C3001D635E /* ReferenceCollection.swift in Sources */ = {isa = PBXBuildFile; fileRef = 12F4F5D5201846C3001D635E /* ReferenceCollection.swift */; };
		12F84CBC1FB054CD00D889BE /* StorageLinkable.swift in Sources */ = {isa = PBXBuildFile; fileRef = 12F84CBB1FB054CD00D889BE /* StorageLinkable.swift */; };
		12FFEA172153A26E0084F414 /* MemoryLeakViewController.swift in Sources */ = {isa = PBXBuildFile; fileRef = 12FFEA162153A26E0084F414 /* MemoryLeakViewController.swift */; };
		1C25E115320FD71F9D49320F /* Pods_Pring.framework in Frameworks */ = {isa = PBXBuildFile; fileRef = 6A88B25399127D470BF0814D /* Pods_Pring.framework */; };
		1F8D81E194D8ABB3AA7B4C0F /* Pods_PringTests.framework in Frameworks */ = {isa = PBXBuildFile; fileRef = 3174F0E0A8FE283A8ED67786 /* Pods_PringTests.framework */; };
		8EBFD61921EA536A00EC64B2 /* OptionalProtocol.swift in Sources */ = {isa = PBXBuildFile; fileRef = 8EBFD61821EA536900EC64B2 /* OptionalProtocol.swift */; };
		8EBFD61A21EA537B00EC64B2 /* OptionalProtocol.swift in Sources */ = {isa = PBXBuildFile; fileRef = 8EBFD61821EA536900EC64B2 /* OptionalProtocol.swift */; };
		8EBFD61B21EA538300EC64B2 /* OptionalProtocol.swift in Sources */ = {isa = PBXBuildFile; fileRef = 8EBFD61821EA536900EC64B2 /* OptionalProtocol.swift */; };
		91FE1B8ED52B40F958B52E11 /* Pods_Sample.framework in Frameworks */ = {isa = PBXBuildFile; fileRef = 1ED32BEED2D22F7832C64B71 /* Pods_Sample.framework */; };
/* End PBXBuildFile section */

/* Begin PBXContainerItemProxy section */
		12AF82FF1F8CAEDE00561159 /* PBXContainerItemProxy */ = {
			isa = PBXContainerItemProxy;
			containerPortal = 12AF82EB1F8CAEDE00561159 /* Project object */;
			proxyType = 1;
			remoteGlobalIDString = 12AF82F31F8CAEDE00561159;
			remoteInfo = Pring;
		};
/* End PBXContainerItemProxy section */

/* Begin PBXFileReference section */
		12027CB11FF4BDA800912630 /* FileControlViewController.swift */ = {isa = PBXFileReference; lastKnownFileType = sourcecode.swift; path = FileControlViewController.swift; sourceTree = "<group>"; };
		120A178F1FC58FC3002767F6 /* Batchable.swift */ = {isa = PBXFileReference; lastKnownFileType = sourcecode.swift; path = Batchable.swift; sourceTree = "<group>"; };
		1224CB87201B94AD002DA245 /* DocumentCRUDTests.swift */ = {isa = PBXFileReference; lastKnownFileType = sourcecode.swift; path = DocumentCRUDTests.swift; sourceTree = "<group>"; };
		1224CB89201B9B42002DA245 /* SubColletionTests.swift */ = {isa = PBXFileReference; lastKnownFileType = sourcecode.swift; path = SubColletionTests.swift; sourceTree = "<group>"; };
		1224CB8C201B9C71002DA245 /* User.swift */ = {isa = PBXFileReference; lastKnownFileType = sourcecode.swift; path = User.swift; sourceTree = "<group>"; };
		1224CB8E201B9C80002DA245 /* Item.swift */ = {isa = PBXFileReference; lastKnownFileType = sourcecode.swift; path = Item.swift; sourceTree = "<group>"; };
		122988682109D4A900068424 /* GoogleService-Info.plist */ = {isa = PBXFileReference; fileEncoding = 4; lastKnownFileType = text.plist.xml; path = "GoogleService-Info.plist"; sourceTree = "<group>"; };
		122FCCB21FA5C9D8005A069E /* NestedItem.swift */ = {isa = PBXFileReference; lastKnownFileType = sourcecode.swift; path = NestedItem.swift; sourceTree = "<group>"; };
		123546CE1FA20102006DBDD6 /* TestOptionalDocument.swift */ = {isa = PBXFileReference; lastKnownFileType = sourcecode.swift; path = TestOptionalDocument.swift; sourceTree = "<group>"; };
		1249ABEC1FB45DB400E78EA6 /* DataSourceViewController.swift */ = {isa = PBXFileReference; lastKnownFileType = sourcecode.swift; path = DataSourceViewController.swift; sourceTree = "<group>"; };
		1249ABEE1FB45ED800E78EA6 /* DataSourceViewCell.swift */ = {isa = PBXFileReference; lastKnownFileType = sourcecode.swift; path = DataSourceViewCell.swift; sourceTree = "<group>"; };
		124C323521B8043D001629C9 /* PackNestTests.swift */ = {isa = PBXFileReference; fileEncoding = 4; lastKnownFileType = sourcecode.swift; path = PackNestTests.swift; sourceTree = "<group>"; };
		124C323721B80450001629C9 /* PackReferenceTests.swift */ = {isa = PBXFileReference; lastKnownFileType = sourcecode.swift; path = PackReferenceTests.swift; sourceTree = "<group>"; };
		1260803F1FB86FE2001B5DDA /* CollectionObject.swift */ = {isa = PBXFileReference; lastKnownFileType = sourcecode.swift; path = CollectionObject.swift; sourceTree = "<group>"; };
		126080411FB991BD001B5DDA /* Collecor.swift */ = {isa = PBXFileReference; lastKnownFileType = sourcecode.swift; path = Collecor.swift; sourceTree = "<group>"; };
		12649F021F9F6567004C6130 /* Pring.podspec */ = {isa = PBXFileReference; lastKnownFileType = text; path = Pring.podspec; sourceTree = "<group>"; xcLanguageSpecificationIdentifier = xcode.lang.ruby; };
		1266EB2020215664005F5F41 /* CustomDocument.swift */ = {isa = PBXFileReference; lastKnownFileType = sourcecode.swift; path = CustomDocument.swift; sourceTree = "<group>"; };
		1281B0F21FE11A6500B8FCEE /* Transcript.swift */ = {isa = PBXFileReference; lastKnownFileType = sourcecode.swift; path = Transcript.swift; sourceTree = "<group>"; };
		1281D2AA204E955A00F5A89A /* MediaDataSourceViewController.swift */ = {isa = PBXFileReference; lastKnownFileType = sourcecode.swift; path = MediaDataSourceViewController.swift; sourceTree = "<group>"; };
		1281D2AD204E9A9F00F5A89A /* MediaDataSourceViewCell.swift */ = {isa = PBXFileReference; lastKnownFileType = sourcecode.swift; path = MediaDataSourceViewCell.swift; sourceTree = "<group>"; };
		1288E2211FCD203000E72594 /* Reference.swift */ = {isa = PBXFileReference; lastKnownFileType = sourcecode.swift; path = Reference.swift; sourceTree = "<group>"; };
		1288E2241FCE894C00E72594 /* Media.swift */ = {isa = PBXFileReference; lastKnownFileType = sourcecode.swift; path = Media.swift; sourceTree = "<group>"; };
		1288E2261FCE8C0900E72594 /* Photo.swift */ = {isa = PBXFileReference; lastKnownFileType = sourcecode.swift; path = Photo.swift; sourceTree = "<group>"; };
		1288E22A1FCEA46A00E72594 /* Video.swift */ = {isa = PBXFileReference; lastKnownFileType = sourcecode.swift; path = Video.swift; sourceTree = "<group>"; };
		129E36911FA34F3200336C4D /* Item.swift */ = {isa = PBXFileReference; lastKnownFileType = sourcecode.swift; path = Item.swift; sourceTree = "<group>"; };
		12AF82F41F8CAEDE00561159 /* Pring.framework */ = {isa = PBXFileReference; explicitFileType = wrapper.framework; includeInIndex = 0; path = Pring.framework; sourceTree = BUILT_PRODUCTS_DIR; };
		12AF82F71F8CAEDE00561159 /* Pring.h */ = {isa = PBXFileReference; lastKnownFileType = sourcecode.c.h; path = Pring.h; sourceTree = "<group>"; };
		12AF82F81F8CAEDE00561159 /* Info.plist */ = {isa = PBXFileReference; lastKnownFileType = text.plist.xml; path = Info.plist; sourceTree = "<group>"; };
		12AF82FD1F8CAEDE00561159 /* PringTests.xctest */ = {isa = PBXFileReference; explicitFileType = wrapper.cfbundle; includeInIndex = 0; path = PringTests.xctest; sourceTree = BUILT_PRODUCTS_DIR; };
		12AF83021F8CAEDE00561159 /* PringTests.swift */ = {isa = PBXFileReference; lastKnownFileType = sourcecode.swift; path = PringTests.swift; sourceTree = "<group>"; };
		12AF83041F8CAEDE00561159 /* Info.plist */ = {isa = PBXFileReference; lastKnownFileType = text.plist.xml; path = Info.plist; sourceTree = "<group>"; };
		12AF830E1F8CAEEC00561159 /* DataSource.swift */ = {isa = PBXFileReference; fileEncoding = 4; lastKnownFileType = sourcecode.swift; path = DataSource.swift; sourceTree = "<group>"; };
		12AF830F1F8CAEEC00561159 /* Disposer.swift */ = {isa = PBXFileReference; fileEncoding = 4; lastKnownFileType = sourcecode.swift; path = Disposer.swift; sourceTree = "<group>"; };
		12AF83101F8CAEEC00561159 /* DataType.swift */ = {isa = PBXFileReference; fileEncoding = 4; lastKnownFileType = sourcecode.swift; path = DataType.swift; sourceTree = "<group>"; };
		12AF83111F8CAEEC00561159 /* Document.swift */ = {isa = PBXFileReference; fileEncoding = 4; lastKnownFileType = sourcecode.swift; path = Document.swift; sourceTree = "<group>"; };
		12AF83121F8CAEEC00561159 /* File.swift */ = {isa = PBXFileReference; fileEncoding = 4; lastKnownFileType = sourcecode.swift; path = File.swift; sourceTree = "<group>"; };
		12AF83131F8CAEEC00561159 /* Object.swift */ = {isa = PBXFileReference; fileEncoding = 4; lastKnownFileType = sourcecode.swift; path = Object.swift; sourceTree = "<group>"; };
		12AF83161F8CAEED00561159 /* SubCollection.swift */ = {isa = PBXFileReference; fileEncoding = 4; lastKnownFileType = sourcecode.swift; path = SubCollection.swift; sourceTree = "<group>"; };
		12AF83201F8CAF6E00561159 /* TestDocument.swift */ = {isa = PBXFileReference; fileEncoding = 4; lastKnownFileType = sourcecode.swift; path = TestDocument.swift; sourceTree = "<group>"; };
		12AF83261F8CD1ED00561159 /* Pring.png */ = {isa = PBXFileReference; lastKnownFileType = image.png; path = Pring.png; sourceTree = SOURCE_ROOT; };
		12AF832E1F8CD2F400561159 /* Sample.app */ = {isa = PBXFileReference; explicitFileType = wrapper.application; includeInIndex = 0; path = Sample.app; sourceTree = BUILT_PRODUCTS_DIR; };
		12AF83301F8CD2F400561159 /* AppDelegate.swift */ = {isa = PBXFileReference; lastKnownFileType = sourcecode.swift; path = AppDelegate.swift; sourceTree = "<group>"; };
		12AF83321F8CD2F400561159 /* ViewController.swift */ = {isa = PBXFileReference; lastKnownFileType = sourcecode.swift; path = ViewController.swift; sourceTree = "<group>"; };
		12AF83351F8CD2F400561159 /* Base */ = {isa = PBXFileReference; lastKnownFileType = file.storyboard; name = Base; path = Base.lproj/Main.storyboard; sourceTree = "<group>"; };
		12AF83371F8CD2F400561159 /* Assets.xcassets */ = {isa = PBXFileReference; lastKnownFileType = folder.assetcatalog; path = Assets.xcassets; sourceTree = "<group>"; };
		12AF833A1F8CD2F400561159 /* Base */ = {isa = PBXFileReference; lastKnownFileType = file.storyboard; name = Base; path = Base.lproj/LaunchScreen.storyboard; sourceTree = "<group>"; };
		12AF833C1F8CD2F400561159 /* Info.plist */ = {isa = PBXFileReference; lastKnownFileType = text.plist.xml; path = Info.plist; sourceTree = "<group>"; };
		12AF83501F8CD4A400561159 /* User.swift */ = {isa = PBXFileReference; lastKnownFileType = sourcecode.swift; path = User.swift; sourceTree = "<group>"; };
		12AFC0212045912600E19B6D /* Relation.swift */ = {isa = PBXFileReference; lastKnownFileType = sourcecode.swift; path = Relation.swift; sourceTree = "<group>"; };
		12BB91BC21C6267A00BD8166 /* List.swift */ = {isa = PBXFileReference; lastKnownFileType = sourcecode.swift; path = List.swift; sourceTree = "<group>"; };
		12BB91BE21C6457100BD8166 /* Order.swift */ = {isa = PBXFileReference; lastKnownFileType = sourcecode.swift; path = Order.swift; sourceTree = "<group>"; };
		12BB91C021C6457900BD8166 /* OrderItem.swift */ = {isa = PBXFileReference; lastKnownFileType = sourcecode.swift; path = OrderItem.swift; sourceTree = "<group>"; };
		12BB91D521C76DA900BD8166 /* ListTests.swift */ = {isa = PBXFileReference; lastKnownFileType = sourcecode.swift; path = ListTests.swift; sourceTree = "<group>"; };
		12BD88511FD165D80087A1C4 /* ReferenceItem.swift */ = {isa = PBXFileReference; lastKnownFileType = sourcecode.swift; path = ReferenceItem.swift; sourceTree = "<group>"; };
		12C41E751FB30FEE002B1526 /* DataSourceItem.swift */ = {isa = PBXFileReference; lastKnownFileType = sourcecode.swift; path = DataSourceItem.swift; sourceTree = "<group>"; };
		12C41E771FB31F41002B1526 /* Query.swift */ = {isa = PBXFileReference; lastKnownFileType = sourcecode.swift; path = Query.swift; sourceTree = "<group>"; };
		12CF86C1200C65300068BF70 /* AnySubCollection.swift */ = {isa = PBXFileReference; lastKnownFileType = sourcecode.swift; path = AnySubCollection.swift; sourceTree = "<group>"; };
		12D14A8A1FB150DA006679B6 /* MultipleFilesDocument.swift */ = {isa = PBXFileReference; lastKnownFileType = sourcecode.swift; path = MultipleFilesDocument.swift; sourceTree = "<group>"; };
		12D14A8C1FB19236006679B6 /* MultipleFilesNestedItem.swift */ = {isa = PBXFileReference; lastKnownFileType = sourcecode.swift; path = MultipleFilesNestedItem.swift; sourceTree = "<group>"; };
		12D7BDB42057E94D00023D87 /* MultipleFilesShallowPathItem.swift */ = {isa = PBXFileReference; lastKnownFileType = sourcecode.swift; path = MultipleFilesShallowPathItem.swift; sourceTree = "<group>"; };
		12E6F5A61FCED42D00347F4C /* Group.swift */ = {isa = PBXFileReference; lastKnownFileType = sourcecode.swift; path = Group.swift; sourceTree = "<group>"; };
		12F31A6D21AAE28E00E4E63E /* TypeTests.swift */ = {isa = PBXFileReference; lastKnownFileType = sourcecode.swift; path = TypeTests.swift; sourceTree = "<group>"; };
		12F4F5D3201845F5001D635E /* NestedCollection.swift */ = {isa = PBXFileReference; lastKnownFileType = sourcecode.swift; path = NestedCollection.swift; sourceTree = "<group>"; };
		12F4F5D5201846C3001D635E /* ReferenceCollection.swift */ = {isa = PBXFileReference; lastKnownFileType = sourcecode.swift; path = ReferenceCollection.swift; sourceTree = "<group>"; };
		12F84CBB1FB054CD00D889BE /* StorageLinkable.swift */ = {isa = PBXFileReference; lastKnownFileType = sourcecode.swift; path = StorageLinkable.swift; sourceTree = "<group>"; };
		12FFEA162153A26E0084F414 /* MemoryLeakViewController.swift */ = {isa = PBXFileReference; lastKnownFileType = sourcecode.swift; path = MemoryLeakViewController.swift; sourceTree = "<group>"; };
		1EB6FB58971115CE01BDB30D /* Pods-Pring.release.xcconfig */ = {isa = PBXFileReference; includeInIndex = 1; lastKnownFileType = text.xcconfig; name = "Pods-Pring.release.xcconfig"; path = "Pods/Target Support Files/Pods-Pring/Pods-Pring.release.xcconfig"; sourceTree = "<group>"; };
		1ED32BEED2D22F7832C64B71 /* Pods_Sample.framework */ = {isa = PBXFileReference; explicitFileType = wrapper.framework; includeInIndex = 0; path = Pods_Sample.framework; sourceTree = BUILT_PRODUCTS_DIR; };
		3174F0E0A8FE283A8ED67786 /* Pods_PringTests.framework */ = {isa = PBXFileReference; explicitFileType = wrapper.framework; includeInIndex = 0; path = Pods_PringTests.framework; sourceTree = BUILT_PRODUCTS_DIR; };
		54FFAEAD7C63F6D4BFEA728B /* Pods-PringTests.debug.xcconfig */ = {isa = PBXFileReference; includeInIndex = 1; lastKnownFileType = text.xcconfig; name = "Pods-PringTests.debug.xcconfig"; path = "Pods/Target Support Files/Pods-PringTests/Pods-PringTests.debug.xcconfig"; sourceTree = "<group>"; };
		6A88B25399127D470BF0814D /* Pods_Pring.framework */ = {isa = PBXFileReference; explicitFileType = wrapper.framework; includeInIndex = 0; path = Pods_Pring.framework; sourceTree = BUILT_PRODUCTS_DIR; };
		8EBFD61821EA536900EC64B2 /* OptionalProtocol.swift */ = {isa = PBXFileReference; fileEncoding = 4; lastKnownFileType = sourcecode.swift; path = OptionalProtocol.swift; sourceTree = "<group>"; };
		9A9F42603EC279D95CFCE125 /* Pods-PringTests.release.xcconfig */ = {isa = PBXFileReference; includeInIndex = 1; lastKnownFileType = text.xcconfig; name = "Pods-PringTests.release.xcconfig"; path = "Pods/Target Support Files/Pods-PringTests/Pods-PringTests.release.xcconfig"; sourceTree = "<group>"; };
		B122F1B99E5B8247F98E6F36 /* Pods-Pring.debug.xcconfig */ = {isa = PBXFileReference; includeInIndex = 1; lastKnownFileType = text.xcconfig; name = "Pods-Pring.debug.xcconfig"; path = "Pods/Target Support Files/Pods-Pring/Pods-Pring.debug.xcconfig"; sourceTree = "<group>"; };
		CF87E6137C2530BC4F30C35F /* Pods-Sample.debug.xcconfig */ = {isa = PBXFileReference; includeInIndex = 1; lastKnownFileType = text.xcconfig; name = "Pods-Sample.debug.xcconfig"; path = "Pods/Target Support Files/Pods-Sample/Pods-Sample.debug.xcconfig"; sourceTree = "<group>"; };
		F47ACB21CA03EF1646475F14 /* Pods-Sample.release.xcconfig */ = {isa = PBXFileReference; includeInIndex = 1; lastKnownFileType = text.xcconfig; name = "Pods-Sample.release.xcconfig"; path = "Pods/Target Support Files/Pods-Sample/Pods-Sample.release.xcconfig"; sourceTree = "<group>"; };
/* End PBXFileReference section */

/* Begin PBXFrameworksBuildPhase section */
		12AF82F01F8CAEDE00561159 /* Frameworks */ = {
			isa = PBXFrameworksBuildPhase;
			buildActionMask = 2147483647;
			files = (
				1C25E115320FD71F9D49320F /* Pods_Pring.framework in Frameworks */,
			);
			runOnlyForDeploymentPostprocessing = 0;
		};
		12AF82FA1F8CAEDE00561159 /* Frameworks */ = {
			isa = PBXFrameworksBuildPhase;
			buildActionMask = 2147483647;
			files = (
				12AF82FE1F8CAEDE00561159 /* Pring.framework in Frameworks */,
				1F8D81E194D8ABB3AA7B4C0F /* Pods_PringTests.framework in Frameworks */,
			);
			runOnlyForDeploymentPostprocessing = 0;
		};
		12AF832B1F8CD2F400561159 /* Frameworks */ = {
			isa = PBXFrameworksBuildPhase;
			buildActionMask = 2147483647;
			files = (
				91FE1B8ED52B40F958B52E11 /* Pods_Sample.framework in Frameworks */,
			);
			runOnlyForDeploymentPostprocessing = 0;
		};
/* End PBXFrameworksBuildPhase section */

/* Begin PBXGroup section */
		1224CB8B201B9C61002DA245 /* SubCollection */ = {
			isa = PBXGroup;
			children = (
				1224CB89201B9B42002DA245 /* SubColletionTests.swift */,
				1224CB8C201B9C71002DA245 /* User.swift */,
				1224CB8E201B9C80002DA245 /* Item.swift */,
			);
			path = SubCollection;
			sourceTree = "<group>";
		};
		12AF82EA1F8CAEDE00561159 = {
			isa = PBXGroup;
			children = (
				12649F021F9F6567004C6130 /* Pring.podspec */,
				12AF82F61F8CAEDE00561159 /* Pring */,
				12AF83011F8CAEDE00561159 /* PringTests */,
				12AF832F1F8CD2F400561159 /* Sample */,
				12AF82F51F8CAEDE00561159 /* Products */,
				1D388103C2F65BCB7062B02D /* Pods */,
				7212F2B591033FC3A6F09FED /* Frameworks */,
			);
			sourceTree = "<group>";
		};
		12AF82F51F8CAEDE00561159 /* Products */ = {
			isa = PBXGroup;
			children = (
				12AF82F41F8CAEDE00561159 /* Pring.framework */,
				12AF82FD1F8CAEDE00561159 /* PringTests.xctest */,
				12AF832E1F8CD2F400561159 /* Sample.app */,
			);
			name = Products;
			sourceTree = "<group>";
		};
		12AF82F61F8CAEDE00561159 /* Pring */ = {
			isa = PBXGroup;
			children = (
				8EBFD61821EA536900EC64B2 /* OptionalProtocol.swift */,
				12AF82F71F8CAEDE00561159 /* Pring.h */,
				12AF830E1F8CAEEC00561159 /* DataSource.swift */,
				12C41E771FB31F41002B1526 /* Query.swift */,
				12AF83101F8CAEEC00561159 /* DataType.swift */,
				12F84CBB1FB054CD00D889BE /* StorageLinkable.swift */,
				120A178F1FC58FC3002767F6 /* Batchable.swift */,
				1288E2211FCD203000E72594 /* Reference.swift */,
				12AFC0212045912600E19B6D /* Relation.swift */,
				12AF83111F8CAEEC00561159 /* Document.swift */,
				12CF86C1200C65300068BF70 /* AnySubCollection.swift */,
				12AF83121F8CAEEC00561159 /* File.swift */,
				12AF83131F8CAEEC00561159 /* Object.swift */,
				12BB91BC21C6267A00BD8166 /* List.swift */,
				12AF83161F8CAEED00561159 /* SubCollection.swift */,
				12F4F5D3201845F5001D635E /* NestedCollection.swift */,
				12F4F5D5201846C3001D635E /* ReferenceCollection.swift */,
				12AF830F1F8CAEEC00561159 /* Disposer.swift */,
				12AF82F81F8CAEDE00561159 /* Info.plist */,
			);
			path = Pring;
			sourceTree = "<group>";
		};
		12AF83011F8CAEDE00561159 /* PringTests */ = {
			isa = PBXGroup;
			children = (
				122988682109D4A900068424 /* GoogleService-Info.plist */,
				12AF83021F8CAEDE00561159 /* PringTests.swift */,
				1224CB87201B94AD002DA245 /* DocumentCRUDTests.swift */,
				12F31A6D21AAE28E00E4E63E /* TypeTests.swift */,
				124C323521B8043D001629C9 /* PackNestTests.swift */,
				124C323721B80450001629C9 /* PackReferenceTests.swift */,
				12BB91D521C76DA900BD8166 /* ListTests.swift */,
				1224CB8B201B9C61002DA245 /* SubCollection */,
				12AF83201F8CAF6E00561159 /* TestDocument.swift */,
				1266EB2020215664005F5F41 /* CustomDocument.swift */,
				123546CE1FA20102006DBDD6 /* TestOptionalDocument.swift */,
				12BD88511FD165D80087A1C4 /* ReferenceItem.swift */,
				122FCCB21FA5C9D8005A069E /* NestedItem.swift */,
				12D14A8A1FB150DA006679B6 /* MultipleFilesDocument.swift */,
				12D14A8C1FB19236006679B6 /* MultipleFilesNestedItem.swift */,
				12D7BDB42057E94D00023D87 /* MultipleFilesShallowPathItem.swift */,
				1260803F1FB86FE2001B5DDA /* CollectionObject.swift */,
				12C41E751FB30FEE002B1526 /* DataSourceItem.swift */,
				12AF83261F8CD1ED00561159 /* Pring.png */,
				12AF83041F8CAEDE00561159 /* Info.plist */,
			);
			path = PringTests;
			sourceTree = "<group>";
		};
		12AF832F1F8CD2F400561159 /* Sample */ = {
			isa = PBXGroup;
			children = (
				12AF83301F8CD2F400561159 /* AppDelegate.swift */,
				12AF83321F8CD2F400561159 /* ViewController.swift */,
				1249ABEC1FB45DB400E78EA6 /* DataSourceViewController.swift */,
				1281D2AA204E955A00F5A89A /* MediaDataSourceViewController.swift */,
				1281D2AD204E9A9F00F5A89A /* MediaDataSourceViewCell.swift */,
				1249ABEE1FB45ED800E78EA6 /* DataSourceViewCell.swift */,
				12BB91BE21C6457100BD8166 /* Order.swift */,
				12BB91C021C6457900BD8166 /* OrderItem.swift */,
				12AF83501F8CD4A400561159 /* User.swift */,
				12E6F5A61FCED42D00347F4C /* Group.swift */,
				1288E2241FCE894C00E72594 /* Media.swift */,
				1288E2261FCE8C0900E72594 /* Photo.swift */,
				1288E22A1FCEA46A00E72594 /* Video.swift */,
				129E36911FA34F3200336C4D /* Item.swift */,
				1281B0F21FE11A6500B8FCEE /* Transcript.swift */,
				126080411FB991BD001B5DDA /* Collecor.swift */,
				12027CB11FF4BDA800912630 /* FileControlViewController.swift */,
				12FFEA162153A26E0084F414 /* MemoryLeakViewController.swift */,
				12AF83341F8CD2F400561159 /* Main.storyboard */,
				12AF83371F8CD2F400561159 /* Assets.xcassets */,
				12AF83391F8CD2F400561159 /* LaunchScreen.storyboard */,
				12AF833C1F8CD2F400561159 /* Info.plist */,
			);
			path = Sample;
			sourceTree = "<group>";
		};
		1D388103C2F65BCB7062B02D /* Pods */ = {
			isa = PBXGroup;
			children = (
				B122F1B99E5B8247F98E6F36 /* Pods-Pring.debug.xcconfig */,
				1EB6FB58971115CE01BDB30D /* Pods-Pring.release.xcconfig */,
				54FFAEAD7C63F6D4BFEA728B /* Pods-PringTests.debug.xcconfig */,
				9A9F42603EC279D95CFCE125 /* Pods-PringTests.release.xcconfig */,
				CF87E6137C2530BC4F30C35F /* Pods-Sample.debug.xcconfig */,
				F47ACB21CA03EF1646475F14 /* Pods-Sample.release.xcconfig */,
			);
			name = Pods;
			sourceTree = "<group>";
		};
		7212F2B591033FC3A6F09FED /* Frameworks */ = {
			isa = PBXGroup;
			children = (
				6A88B25399127D470BF0814D /* Pods_Pring.framework */,
				3174F0E0A8FE283A8ED67786 /* Pods_PringTests.framework */,
				1ED32BEED2D22F7832C64B71 /* Pods_Sample.framework */,
			);
			name = Frameworks;
			sourceTree = "<group>";
		};
/* End PBXGroup section */

/* Begin PBXHeadersBuildPhase section */
		12AF82F11F8CAEDE00561159 /* Headers */ = {
			isa = PBXHeadersBuildPhase;
			buildActionMask = 2147483647;
			files = (
				12AF83051F8CAEDE00561159 /* Pring.h in Headers */,
			);
			runOnlyForDeploymentPostprocessing = 0;
		};
/* End PBXHeadersBuildPhase section */

/* Begin PBXNativeTarget section */
		12AF82F31F8CAEDE00561159 /* Pring */ = {
			isa = PBXNativeTarget;
			buildConfigurationList = 12AF83081F8CAEDE00561159 /* Build configuration list for PBXNativeTarget "Pring" */;
			buildPhases = (
				DF1B0A89B75EFB56D937D4CD /* [CP] Check Pods Manifest.lock */,
				12AF82EF1F8CAEDE00561159 /* Sources */,
				12AF82F01F8CAEDE00561159 /* Frameworks */,
				12AF82F11F8CAEDE00561159 /* Headers */,
				12AF82F21F8CAEDE00561159 /* Resources */,
				22DE9660A8970BF5EFF6C66E /* [CP] Copy Pods Resources */,
			);
			buildRules = (
			);
			dependencies = (
			);
			name = Pring;
			productName = Pring;
			productReference = 12AF82F41F8CAEDE00561159 /* Pring.framework */;
			productType = "com.apple.product-type.framework";
		};
		12AF82FC1F8CAEDE00561159 /* PringTests */ = {
			isa = PBXNativeTarget;
			buildConfigurationList = 12AF830B1F8CAEDE00561159 /* Build configuration list for PBXNativeTarget "PringTests" */;
			buildPhases = (
				719A92D4A604F00042F6448E /* [CP] Check Pods Manifest.lock */,
				12AF82F91F8CAEDE00561159 /* Sources */,
				12AF82FA1F8CAEDE00561159 /* Frameworks */,
				12AF82FB1F8CAEDE00561159 /* Resources */,
				D4E5B543F08713C8C18613F0 /* [CP] Embed Pods Frameworks */,
				FC2B6ADF3706F74D52FC6D83 /* [CP] Copy Pods Resources */,
			);
			buildRules = (
			);
			dependencies = (
				12AF83001F8CAEDE00561159 /* PBXTargetDependency */,
			);
			name = PringTests;
			productName = PringTests;
			productReference = 12AF82FD1F8CAEDE00561159 /* PringTests.xctest */;
			productType = "com.apple.product-type.bundle.unit-test";
		};
		12AF832D1F8CD2F400561159 /* Sample */ = {
			isa = PBXNativeTarget;
			buildConfigurationList = 12AF83481F8CD2F400561159 /* Build configuration list for PBXNativeTarget "Sample" */;
			buildPhases = (
				7D6A9C882C0E7C78B014B83B /* [CP] Check Pods Manifest.lock */,
				12AF832A1F8CD2F400561159 /* Sources */,
				12AF832B1F8CD2F400561159 /* Frameworks */,
				12AF832C1F8CD2F400561159 /* Resources */,
				C732959EA0DD2DF5CE9966FF /* [CP] Embed Pods Frameworks */,
				1C762B22F886714F1939CAA1 /* [CP] Copy Pods Resources */,
			);
			buildRules = (
			);
			dependencies = (
			);
			name = Sample;
			productName = Sample;
			productReference = 12AF832E1F8CD2F400561159 /* Sample.app */;
			productType = "com.apple.product-type.application";
		};
/* End PBXNativeTarget section */

/* Begin PBXProject section */
		12AF82EB1F8CAEDE00561159 /* Project object */ = {
			isa = PBXProject;
			attributes = {
				LastSwiftUpdateCheck = 0910;
				LastUpgradeCheck = 0930;
				ORGANIZATIONNAME = "Stamp Inc";
				TargetAttributes = {
					12AF82F31F8CAEDE00561159 = {
						CreatedOnToolsVersion = 9.1;
						LastSwiftMigration = 1000;
						ProvisioningStyle = Automatic;
					};
					12AF82FC1F8CAEDE00561159 = {
						CreatedOnToolsVersion = 9.1;
						LastSwiftMigration = 1000;
						ProvisioningStyle = Automatic;
					};
					12AF832D1F8CD2F400561159 = {
						CreatedOnToolsVersion = 9.1;
						ProvisioningStyle = Automatic;
					};
				};
			};
			buildConfigurationList = 12AF82EE1F8CAEDE00561159 /* Build configuration list for PBXProject "Pring" */;
			compatibilityVersion = "Xcode 8.0";
			developmentRegion = en;
			hasScannedForEncodings = 0;
			knownRegions = (
				en,
				Base,
			);
			mainGroup = 12AF82EA1F8CAEDE00561159;
			productRefGroup = 12AF82F51F8CAEDE00561159 /* Products */;
			projectDirPath = "";
			projectRoot = "";
			targets = (
				12AF82F31F8CAEDE00561159 /* Pring */,
				12AF82FC1F8CAEDE00561159 /* PringTests */,
				12AF832D1F8CD2F400561159 /* Sample */,
			);
		};
/* End PBXProject section */

/* Begin PBXResourcesBuildPhase section */
		12AF82F21F8CAEDE00561159 /* Resources */ = {
			isa = PBXResourcesBuildPhase;
			buildActionMask = 2147483647;
			files = (
			);
			runOnlyForDeploymentPostprocessing = 0;
		};
		12AF82FB1F8CAEDE00561159 /* Resources */ = {
			isa = PBXResourcesBuildPhase;
			buildActionMask = 2147483647;
			files = (
				12AF83271F8CD1EE00561159 /* Pring.png in Resources */,
				122988692109D4A900068424 /* GoogleService-Info.plist in Resources */,
			);
			runOnlyForDeploymentPostprocessing = 0;
		};
		12AF832C1F8CD2F400561159 /* Resources */ = {
			isa = PBXResourcesBuildPhase;
			buildActionMask = 2147483647;
			files = (
				12AF834F1F8CD48D00561159 /* Pring.png in Resources */,
				12AF833B1F8CD2F400561159 /* LaunchScreen.storyboard in Resources */,
				12BB91C421C6497700BD8166 /* GoogleService-Info.plist in Resources */,
				12AF83381F8CD2F400561159 /* Assets.xcassets in Resources */,
				12AF83361F8CD2F400561159 /* Main.storyboard in Resources */,
			);
			runOnlyForDeploymentPostprocessing = 0;
		};
/* End PBXResourcesBuildPhase section */

/* Begin PBXShellScriptBuildPhase section */
		1C762B22F886714F1939CAA1 /* [CP] Copy Pods Resources */ = {
			isa = PBXShellScriptBuildPhase;
			buildActionMask = 2147483647;
			files = (
			);
			inputFileListPaths = (
			);
			inputPaths = (
				"${SRCROOT}/Pods/Target Support Files/Pods-Sample/Pods-Sample-resources.sh",
				"${PODS_CONFIGURATION_BUILD_DIR}/FirebaseFirestore/gRPCCertificates-Firestore.bundle",
			);
			name = "[CP] Copy Pods Resources";
			outputFileListPaths = (
			);
			outputPaths = (
				"${TARGET_BUILD_DIR}/${UNLOCALIZED_RESOURCES_FOLDER_PATH}/gRPCCertificates-Firestore.bundle",
			);
			runOnlyForDeploymentPostprocessing = 0;
			shellPath = /bin/sh;
			shellScript = "\"${SRCROOT}/Pods/Target Support Files/Pods-Sample/Pods-Sample-resources.sh\"\n";
			showEnvVarsInLog = 0;
		};
		22DE9660A8970BF5EFF6C66E /* [CP] Copy Pods Resources */ = {
			isa = PBXShellScriptBuildPhase;
			buildActionMask = 2147483647;
			files = (
			);
			inputFileListPaths = (
			);
			inputPaths = (
				"${SRCROOT}/Pods/Target Support Files/Pods-Pring/Pods-Pring-resources.sh",
				"${PODS_CONFIGURATION_BUILD_DIR}/FirebaseFirestore/gRPCCertificates-Firestore.bundle",
			);
			name = "[CP] Copy Pods Resources";
			outputFileListPaths = (
			);
			outputPaths = (
				"${TARGET_BUILD_DIR}/${UNLOCALIZED_RESOURCES_FOLDER_PATH}/gRPCCertificates-Firestore.bundle",
			);
			runOnlyForDeploymentPostprocessing = 0;
			shellPath = /bin/sh;
			shellScript = "\"${SRCROOT}/Pods/Target Support Files/Pods-Pring/Pods-Pring-resources.sh\"\n";
			showEnvVarsInLog = 0;
		};
		719A92D4A604F00042F6448E /* [CP] Check Pods Manifest.lock */ = {
			isa = PBXShellScriptBuildPhase;
			buildActionMask = 2147483647;
			files = (
			);
			inputPaths = (
				"${PODS_PODFILE_DIR_PATH}/Podfile.lock",
				"${PODS_ROOT}/Manifest.lock",
			);
			name = "[CP] Check Pods Manifest.lock";
			outputPaths = (
				"$(DERIVED_FILE_DIR)/Pods-PringTests-checkManifestLockResult.txt",
			);
			runOnlyForDeploymentPostprocessing = 0;
			shellPath = /bin/sh;
			shellScript = "diff \"${PODS_PODFILE_DIR_PATH}/Podfile.lock\" \"${PODS_ROOT}/Manifest.lock\" > /dev/null\nif [ $? != 0 ] ; then\n    # print error to STDERR\n    echo \"error: The sandbox is not in sync with the Podfile.lock. Run 'pod install' or update your CocoaPods installation.\" >&2\n    exit 1\nfi\n# This output is used by Xcode 'outputs' to avoid re-running this script phase.\necho \"SUCCESS\" > \"${SCRIPT_OUTPUT_FILE_0}\"\n";
			showEnvVarsInLog = 0;
		};
		7D6A9C882C0E7C78B014B83B /* [CP] Check Pods Manifest.lock */ = {
			isa = PBXShellScriptBuildPhase;
			buildActionMask = 2147483647;
			files = (
			);
			inputPaths = (
				"${PODS_PODFILE_DIR_PATH}/Podfile.lock",
				"${PODS_ROOT}/Manifest.lock",
			);
			name = "[CP] Check Pods Manifest.lock";
			outputPaths = (
				"$(DERIVED_FILE_DIR)/Pods-Sample-checkManifestLockResult.txt",
			);
			runOnlyForDeploymentPostprocessing = 0;
			shellPath = /bin/sh;
			shellScript = "diff \"${PODS_PODFILE_DIR_PATH}/Podfile.lock\" \"${PODS_ROOT}/Manifest.lock\" > /dev/null\nif [ $? != 0 ] ; then\n    # print error to STDERR\n    echo \"error: The sandbox is not in sync with the Podfile.lock. Run 'pod install' or update your CocoaPods installation.\" >&2\n    exit 1\nfi\n# This output is used by Xcode 'outputs' to avoid re-running this script phase.\necho \"SUCCESS\" > \"${SCRIPT_OUTPUT_FILE_0}\"\n";
			showEnvVarsInLog = 0;
		};
		C732959EA0DD2DF5CE9966FF /* [CP] Embed Pods Frameworks */ = {
			isa = PBXShellScriptBuildPhase;
			buildActionMask = 2147483647;
			files = (
			);
			inputPaths = (
				"${SRCROOT}/Pods/Target Support Files/Pods-Sample/Pods-Sample-frameworks.sh",
				"${BUILT_PRODUCTS_DIR}/BoringSSL/openssl.framework",
				"${BUILT_PRODUCTS_DIR}/GTMSessionFetcher/GTMSessionFetcher.framework",
				"${BUILT_PRODUCTS_DIR}/GoogleUtilities/GoogleUtilities.framework",
				"${BUILT_PRODUCTS_DIR}/Protobuf/Protobuf.framework",
				"${BUILT_PRODUCTS_DIR}/gRPC-C++/grpcpp.framework",
				"${BUILT_PRODUCTS_DIR}/gRPC-Core/grpc.framework",
				"${BUILT_PRODUCTS_DIR}/leveldb-library/leveldb.framework",
				"${BUILT_PRODUCTS_DIR}/nanopb/nanopb.framework",
			);
			name = "[CP] Embed Pods Frameworks";
			outputPaths = (
				"${TARGET_BUILD_DIR}/${FRAMEWORKS_FOLDER_PATH}/openssl.framework",
				"${TARGET_BUILD_DIR}/${FRAMEWORKS_FOLDER_PATH}/GTMSessionFetcher.framework",
				"${TARGET_BUILD_DIR}/${FRAMEWORKS_FOLDER_PATH}/GoogleUtilities.framework",
				"${TARGET_BUILD_DIR}/${FRAMEWORKS_FOLDER_PATH}/Protobuf.framework",
				"${TARGET_BUILD_DIR}/${FRAMEWORKS_FOLDER_PATH}/grpcpp.framework",
				"${TARGET_BUILD_DIR}/${FRAMEWORKS_FOLDER_PATH}/grpc.framework",
				"${TARGET_BUILD_DIR}/${FRAMEWORKS_FOLDER_PATH}/leveldb.framework",
				"${TARGET_BUILD_DIR}/${FRAMEWORKS_FOLDER_PATH}/nanopb.framework",
			);
			runOnlyForDeploymentPostprocessing = 0;
			shellPath = /bin/sh;
			shellScript = "\"${SRCROOT}/Pods/Target Support Files/Pods-Sample/Pods-Sample-frameworks.sh\"\n";
			showEnvVarsInLog = 0;
		};
		D4E5B543F08713C8C18613F0 /* [CP] Embed Pods Frameworks */ = {
			isa = PBXShellScriptBuildPhase;
			buildActionMask = 2147483647;
			files = (
			);
			inputFileListPaths = (
			);
			inputPaths = (
				"${SRCROOT}/Pods/Target Support Files/Pods-PringTests/Pods-PringTests-frameworks.sh",
				"${BUILT_PRODUCTS_DIR}/BoringSSL/openssl.framework",
				"${BUILT_PRODUCTS_DIR}/GTMSessionFetcher/GTMSessionFetcher.framework",
				"${BUILT_PRODUCTS_DIR}/GoogleUtilities/GoogleUtilities.framework",
				"${BUILT_PRODUCTS_DIR}/Protobuf/Protobuf.framework",
				"${BUILT_PRODUCTS_DIR}/gRPC-C++/grpcpp.framework",
				"${BUILT_PRODUCTS_DIR}/gRPC-Core/grpc.framework",
				"${BUILT_PRODUCTS_DIR}/leveldb-library/leveldb.framework",
				"${BUILT_PRODUCTS_DIR}/nanopb/nanopb.framework",
			);
			name = "[CP] Embed Pods Frameworks";
			outputFileListPaths = (
			);
			outputPaths = (
				"${TARGET_BUILD_DIR}/${FRAMEWORKS_FOLDER_PATH}/openssl.framework",
				"${TARGET_BUILD_DIR}/${FRAMEWORKS_FOLDER_PATH}/GTMSessionFetcher.framework",
				"${TARGET_BUILD_DIR}/${FRAMEWORKS_FOLDER_PATH}/GoogleUtilities.framework",
				"${TARGET_BUILD_DIR}/${FRAMEWORKS_FOLDER_PATH}/Protobuf.framework",
				"${TARGET_BUILD_DIR}/${FRAMEWORKS_FOLDER_PATH}/grpcpp.framework",
				"${TARGET_BUILD_DIR}/${FRAMEWORKS_FOLDER_PATH}/grpc.framework",
				"${TARGET_BUILD_DIR}/${FRAMEWORKS_FOLDER_PATH}/leveldb.framework",
				"${TARGET_BUILD_DIR}/${FRAMEWORKS_FOLDER_PATH}/nanopb.framework",
			);
			runOnlyForDeploymentPostprocessing = 0;
			shellPath = /bin/sh;
			shellScript = "\"${SRCROOT}/Pods/Target Support Files/Pods-PringTests/Pods-PringTests-frameworks.sh\"\n";
			showEnvVarsInLog = 0;
		};
		DF1B0A89B75EFB56D937D4CD /* [CP] Check Pods Manifest.lock */ = {
			isa = PBXShellScriptBuildPhase;
			buildActionMask = 2147483647;
			files = (
			);
			inputPaths = (
				"${PODS_PODFILE_DIR_PATH}/Podfile.lock",
				"${PODS_ROOT}/Manifest.lock",
			);
			name = "[CP] Check Pods Manifest.lock";
			outputPaths = (
				"$(DERIVED_FILE_DIR)/Pods-Pring-checkManifestLockResult.txt",
			);
			runOnlyForDeploymentPostprocessing = 0;
			shellPath = /bin/sh;
			shellScript = "diff \"${PODS_PODFILE_DIR_PATH}/Podfile.lock\" \"${PODS_ROOT}/Manifest.lock\" > /dev/null\nif [ $? != 0 ] ; then\n    # print error to STDERR\n    echo \"error: The sandbox is not in sync with the Podfile.lock. Run 'pod install' or update your CocoaPods installation.\" >&2\n    exit 1\nfi\n# This output is used by Xcode 'outputs' to avoid re-running this script phase.\necho \"SUCCESS\" > \"${SCRIPT_OUTPUT_FILE_0}\"\n";
			showEnvVarsInLog = 0;
		};
		FC2B6ADF3706F74D52FC6D83 /* [CP] Copy Pods Resources */ = {
			isa = PBXShellScriptBuildPhase;
			buildActionMask = 2147483647;
			files = (
			);
			inputFileListPaths = (
			);
			inputPaths = (
				"${SRCROOT}/Pods/Target Support Files/Pods-PringTests/Pods-PringTests-resources.sh",
				"${PODS_CONFIGURATION_BUILD_DIR}/FirebaseFirestore/gRPCCertificates-Firestore.bundle",
			);
			name = "[CP] Copy Pods Resources";
			outputFileListPaths = (
			);
			outputPaths = (
				"${TARGET_BUILD_DIR}/${UNLOCALIZED_RESOURCES_FOLDER_PATH}/gRPCCertificates-Firestore.bundle",
			);
			runOnlyForDeploymentPostprocessing = 0;
			shellPath = /bin/sh;
			shellScript = "\"${SRCROOT}/Pods/Target Support Files/Pods-PringTests/Pods-PringTests-resources.sh\"\n";
			showEnvVarsInLog = 0;
		};
/* End PBXShellScriptBuildPhase section */

/* Begin PBXSourcesBuildPhase section */
		12AF82EF1F8CAEDE00561159 /* Sources */ = {
			isa = PBXSourcesBuildPhase;
			buildActionMask = 2147483647;
			files = (
				12AF83561F8CE16900561159 /* File.swift in Sources */,
				12BB91BD21C6267A00BD8166 /* List.swift in Sources */,
				12AFC0222045912600E19B6D /* Relation.swift in Sources */,
				12AF83551F8CE16900561159 /* Document.swift in Sources */,
				12AF83521F8CE16900561159 /* DataSource.swift in Sources */,
				12AF83541F8CE16900561159 /* Disposer.swift in Sources */,
				120A17901FC58FC3002767F6 /* Batchable.swift in Sources */,
				12AF83571F8CE16900561159 /* Object.swift in Sources */,
				12C41E781FB31F41002B1526 /* Query.swift in Sources */,
				12AF83531F8CE16900561159 /* DataType.swift in Sources */,
				12F4F5D4201845F5001D635E /* NestedCollection.swift in Sources */,
				12F84CBC1FB054CD00D889BE /* StorageLinkable.swift in Sources */,
				8EBFD61921EA536A00EC64B2 /* OptionalProtocol.swift in Sources */,
				12AF83581F8CE16900561159 /* SubCollection.swift in Sources */,
				12CF86C2200C65300068BF70 /* AnySubCollection.swift in Sources */,
				1288E2221FCD203000E72594 /* Reference.swift in Sources */,
				12F4F5D6201846C3001D635E /* ReferenceCollection.swift in Sources */,
			);
			runOnlyForDeploymentPostprocessing = 0;
		};
		12AF82F91F8CAEDE00561159 /* Sources */ = {
			isa = PBXSourcesBuildPhase;
			buildActionMask = 2147483647;
			files = (
				8EBFD61A21EA537B00EC64B2 /* OptionalProtocol.swift in Sources */,
				123546CF1FA20102006DBDD6 /* TestOptionalDocument.swift in Sources */,
				124C323621B8043D001629C9 /* PackNestTests.swift in Sources */,
				123F0A0E20A2D95400C0EAC1 /* Batchable.swift in Sources */,
				123F0A0A20A2D95400C0EAC1 /* DataSource.swift in Sources */,
				123F0A1720A2D95400C0EAC1 /* ReferenceCollection.swift in Sources */,
				12BD88521FD165D80087A1C4 /* ReferenceItem.swift in Sources */,
				12D14A8D1FB19236006679B6 /* MultipleFilesNestedItem.swift in Sources */,
				122FCCB31FA5C9D8005A069E /* NestedItem.swift in Sources */,
				12D7BDB52057E94D00023D87 /* MultipleFilesShallowPathItem.swift in Sources */,
				12F31A6E21AAE28E00E4E63E /* TypeTests.swift in Sources */,
				123F0A1020A2D95400C0EAC1 /* Relation.swift in Sources */,
				123F0A1120A2D95400C0EAC1 /* Document.swift in Sources */,
				1224CB8A201B9B42002DA245 /* SubColletionTests.swift in Sources */,
				12BB91D621C76DA900BD8166 /* ListTests.swift in Sources */,
				123F0A0D20A2D95400C0EAC1 /* StorageLinkable.swift in Sources */,
				123F0A0C20A2D95400C0EAC1 /* DataType.swift in Sources */,
				12C41E761FB30FEE002B1526 /* DataSourceItem.swift in Sources */,
				124C323821B80450001629C9 /* PackReferenceTests.swift in Sources */,
				123F0A1420A2D95400C0EAC1 /* Object.swift in Sources */,
				123F0A1620A2D95400C0EAC1 /* NestedCollection.swift in Sources */,
				126080401FB86FE2001B5DDA /* CollectionObject.swift in Sources */,
				1266EB2120215664005F5F41 /* CustomDocument.swift in Sources */,
				12BB91C321C647BA00BD8166 /* List.swift in Sources */,
				123F0A0B20A2D95400C0EAC1 /* Query.swift in Sources */,
				123F0A1220A2D95400C0EAC1 /* AnySubCollection.swift in Sources */,
				1224CB8F201B9C80002DA245 /* Item.swift in Sources */,
				1224CB8D201B9C71002DA245 /* User.swift in Sources */,
				123F0A0720A2D80700C0EAC1 /* TestDocument.swift in Sources */,
				123F0A0F20A2D95400C0EAC1 /* Reference.swift in Sources */,
				123F0A1820A2D95400C0EAC1 /* Disposer.swift in Sources */,
				12D14A8B1FB150DA006679B6 /* MultipleFilesDocument.swift in Sources */,
				123F0A1520A2D95400C0EAC1 /* SubCollection.swift in Sources */,
				123F0A1320A2D95400C0EAC1 /* File.swift in Sources */,
				1224CB88201B94AD002DA245 /* DocumentCRUDTests.swift in Sources */,
				12AF83031F8CAEDE00561159 /* PringTests.swift in Sources */,
			);
			runOnlyForDeploymentPostprocessing = 0;
		};
		12AF832A1F8CD2F400561159 /* Sources */ = {
			isa = PBXSourcesBuildPhase;
			buildActionMask = 2147483647;
			files = (
				8EBFD61B21EA538300EC64B2 /* OptionalProtocol.swift in Sources */,
				12BB91D221C68D4000BD8166 /* NestedCollection.swift in Sources */,
				12BB91C621C68D4000BD8166 /* Query.swift in Sources */,
				12BB91CB21C68D4000BD8166 /* Relation.swift in Sources */,
				1288E2291FCE9F2900E72594 /* Media.swift in Sources */,
				1288E2281FCE928400E72594 /* Photo.swift in Sources */,
				12027CB21FF4BDA800912630 /* FileControlViewController.swift in Sources */,
				1281D2AB204E955A00F5A89A /* MediaDataSourceViewController.swift in Sources */,
				12BB91C921C68D4000BD8166 /* Batchable.swift in Sources */,
				12AF83331F8CD2F400561159 /* ViewController.swift in Sources */,
				12E6F5A71FCED42D00347F4C /* Group.swift in Sources */,
				12BB91CE21C68D4000BD8166 /* File.swift in Sources */,
				12BB91CF21C68D4000BD8166 /* Object.swift in Sources */,
				12BB91C521C68D4000BD8166 /* DataSource.swift in Sources */,
				12BB91CA21C68D4000BD8166 /* Reference.swift in Sources */,
				12BB91BF21C6457100BD8166 /* Order.swift in Sources */,
				12AF83311F8CD2F400561159 /* AppDelegate.swift in Sources */,
				129E36921FA34F3200336C4D /* Item.swift in Sources */,
				12BB91C821C68D4000BD8166 /* StorageLinkable.swift in Sources */,
				1281B0F31FE11A6500B8FCEE /* Transcript.swift in Sources */,
				1249ABED1FB45DB400E78EA6 /* DataSourceViewController.swift in Sources */,
				12BB91C721C68D4000BD8166 /* DataType.swift in Sources */,
				12BB91C121C6457900BD8166 /* OrderItem.swift in Sources */,
				12BB91CD21C68D4000BD8166 /* AnySubCollection.swift in Sources */,
				1281D2AE204E9A9F00F5A89A /* MediaDataSourceViewCell.swift in Sources */,
				12BB91D021C68D4000BD8166 /* List.swift in Sources */,
				126080421FB991BD001B5DDA /* Collecor.swift in Sources */,
				1249ABEF1FB45ED800E78EA6 /* DataSourceViewCell.swift in Sources */,
				12BB91D321C68D4000BD8166 /* ReferenceCollection.swift in Sources */,
				12BB91D421C68D4000BD8166 /* Disposer.swift in Sources */,
				12BB91CC21C68D4000BD8166 /* Document.swift in Sources */,
				1288E22B1FCEA46A00E72594 /* Video.swift in Sources */,
				12FFEA172153A26E0084F414 /* MemoryLeakViewController.swift in Sources */,
				12BB91D121C68D4000BD8166 /* SubCollection.swift in Sources */,
				12AF83511F8CD4A400561159 /* User.swift in Sources */,
			);
			runOnlyForDeploymentPostprocessing = 0;
		};
/* End PBXSourcesBuildPhase section */

/* Begin PBXTargetDependency section */
		12AF83001F8CAEDE00561159 /* PBXTargetDependency */ = {
			isa = PBXTargetDependency;
			target = 12AF82F31F8CAEDE00561159 /* Pring */;
			targetProxy = 12AF82FF1F8CAEDE00561159 /* PBXContainerItemProxy */;
		};
/* End PBXTargetDependency section */

/* Begin PBXVariantGroup section */
		12AF83341F8CD2F400561159 /* Main.storyboard */ = {
			isa = PBXVariantGroup;
			children = (
				12AF83351F8CD2F400561159 /* Base */,
			);
			name = Main.storyboard;
			sourceTree = "<group>";
		};
		12AF83391F8CD2F400561159 /* LaunchScreen.storyboard */ = {
			isa = PBXVariantGroup;
			children = (
				12AF833A1F8CD2F400561159 /* Base */,
			);
			name = LaunchScreen.storyboard;
			sourceTree = "<group>";
		};
/* End PBXVariantGroup section */

/* Begin XCBuildConfiguration section */
		12AF83061F8CAEDE00561159 /* Debug */ = {
			isa = XCBuildConfiguration;
			buildSettings = {
				ALWAYS_SEARCH_USER_PATHS = NO;
				CLANG_ANALYZER_NONNULL = YES;
				CLANG_ANALYZER_NUMBER_OBJECT_CONVERSION = YES_AGGRESSIVE;
				CLANG_CXX_LANGUAGE_STANDARD = "gnu++14";
				CLANG_CXX_LIBRARY = "libc++";
				CLANG_ENABLE_MODULES = YES;
				CLANG_ENABLE_OBJC_ARC = YES;
				CLANG_WARN_BLOCK_CAPTURE_AUTORELEASING = YES;
				CLANG_WARN_BOOL_CONVERSION = YES;
				CLANG_WARN_COMMA = YES;
				CLANG_WARN_CONSTANT_CONVERSION = YES;
				CLANG_WARN_DEPRECATED_OBJC_IMPLEMENTATIONS = YES;
				CLANG_WARN_DIRECT_OBJC_ISA_USAGE = YES_ERROR;
				CLANG_WARN_DOCUMENTATION_COMMENTS = YES;
				CLANG_WARN_EMPTY_BODY = YES;
				CLANG_WARN_ENUM_CONVERSION = YES;
				CLANG_WARN_INFINITE_RECURSION = YES;
				CLANG_WARN_INT_CONVERSION = YES;
				CLANG_WARN_NON_LITERAL_NULL_CONVERSION = YES;
				CLANG_WARN_OBJC_IMPLICIT_RETAIN_SELF = YES;
				CLANG_WARN_OBJC_LITERAL_CONVERSION = YES;
				CLANG_WARN_OBJC_ROOT_CLASS = YES_ERROR;
				CLANG_WARN_RANGE_LOOP_ANALYSIS = YES;
				CLANG_WARN_STRICT_PROTOTYPES = YES;
				CLANG_WARN_SUSPICIOUS_MOVE = YES;
				CLANG_WARN_UNGUARDED_AVAILABILITY = YES_AGGRESSIVE;
				CLANG_WARN_UNREACHABLE_CODE = YES;
				CLANG_WARN__DUPLICATE_METHOD_MATCH = YES;
				CODE_SIGN_IDENTITY = "iPhone Developer";
				COPY_PHASE_STRIP = NO;
				CURRENT_PROJECT_VERSION = 1;
				DEBUG_INFORMATION_FORMAT = dwarf;
				ENABLE_STRICT_OBJC_MSGSEND = YES;
				ENABLE_TESTABILITY = YES;
				GCC_C_LANGUAGE_STANDARD = gnu11;
				GCC_DYNAMIC_NO_PIC = NO;
				GCC_NO_COMMON_BLOCKS = YES;
				GCC_OPTIMIZATION_LEVEL = 0;
				GCC_PREPROCESSOR_DEFINITIONS = (
					"DEBUG=1",
					"$(inherited)",
				);
				GCC_WARN_64_TO_32_BIT_CONVERSION = YES;
				GCC_WARN_ABOUT_RETURN_TYPE = YES_ERROR;
				GCC_WARN_UNDECLARED_SELECTOR = YES;
				GCC_WARN_UNINITIALIZED_AUTOS = YES_AGGRESSIVE;
				GCC_WARN_UNUSED_FUNCTION = YES;
				GCC_WARN_UNUSED_VARIABLE = YES;
				IPHONEOS_DEPLOYMENT_TARGET = 11.1;
				MTL_ENABLE_DEBUG_INFO = YES;
				ONLY_ACTIVE_ARCH = YES;
				SDKROOT = iphoneos;
				SWIFT_ACTIVE_COMPILATION_CONDITIONS = DEBUG;
				SWIFT_OPTIMIZATION_LEVEL = "-Onone";
				VERSIONING_SYSTEM = "apple-generic";
				VERSION_INFO_PREFIX = "";
			};
			name = Debug;
		};
		12AF83071F8CAEDE00561159 /* Release */ = {
			isa = XCBuildConfiguration;
			buildSettings = {
				ALWAYS_SEARCH_USER_PATHS = NO;
				CLANG_ANALYZER_NONNULL = YES;
				CLANG_ANALYZER_NUMBER_OBJECT_CONVERSION = YES_AGGRESSIVE;
				CLANG_CXX_LANGUAGE_STANDARD = "gnu++14";
				CLANG_CXX_LIBRARY = "libc++";
				CLANG_ENABLE_MODULES = YES;
				CLANG_ENABLE_OBJC_ARC = YES;
				CLANG_WARN_BLOCK_CAPTURE_AUTORELEASING = YES;
				CLANG_WARN_BOOL_CONVERSION = YES;
				CLANG_WARN_COMMA = YES;
				CLANG_WARN_CONSTANT_CONVERSION = YES;
				CLANG_WARN_DEPRECATED_OBJC_IMPLEMENTATIONS = YES;
				CLANG_WARN_DIRECT_OBJC_ISA_USAGE = YES_ERROR;
				CLANG_WARN_DOCUMENTATION_COMMENTS = YES;
				CLANG_WARN_EMPTY_BODY = YES;
				CLANG_WARN_ENUM_CONVERSION = YES;
				CLANG_WARN_INFINITE_RECURSION = YES;
				CLANG_WARN_INT_CONVERSION = YES;
				CLANG_WARN_NON_LITERAL_NULL_CONVERSION = YES;
				CLANG_WARN_OBJC_IMPLICIT_RETAIN_SELF = YES;
				CLANG_WARN_OBJC_LITERAL_CONVERSION = YES;
				CLANG_WARN_OBJC_ROOT_CLASS = YES_ERROR;
				CLANG_WARN_RANGE_LOOP_ANALYSIS = YES;
				CLANG_WARN_STRICT_PROTOTYPES = YES;
				CLANG_WARN_SUSPICIOUS_MOVE = YES;
				CLANG_WARN_UNGUARDED_AVAILABILITY = YES_AGGRESSIVE;
				CLANG_WARN_UNREACHABLE_CODE = YES;
				CLANG_WARN__DUPLICATE_METHOD_MATCH = YES;
				CODE_SIGN_IDENTITY = "iPhone Developer";
				COPY_PHASE_STRIP = NO;
				CURRENT_PROJECT_VERSION = 1;
				DEBUG_INFORMATION_FORMAT = "dwarf-with-dsym";
				ENABLE_NS_ASSERTIONS = NO;
				ENABLE_STRICT_OBJC_MSGSEND = YES;
				GCC_C_LANGUAGE_STANDARD = gnu11;
				GCC_NO_COMMON_BLOCKS = YES;
				GCC_WARN_64_TO_32_BIT_CONVERSION = YES;
				GCC_WARN_ABOUT_RETURN_TYPE = YES_ERROR;
				GCC_WARN_UNDECLARED_SELECTOR = YES;
				GCC_WARN_UNINITIALIZED_AUTOS = YES_AGGRESSIVE;
				GCC_WARN_UNUSED_FUNCTION = YES;
				GCC_WARN_UNUSED_VARIABLE = YES;
				IPHONEOS_DEPLOYMENT_TARGET = 11.1;
				MTL_ENABLE_DEBUG_INFO = NO;
				SDKROOT = iphoneos;
				SWIFT_OPTIMIZATION_LEVEL = "-Owholemodule";
				VALIDATE_PRODUCT = YES;
				VERSIONING_SYSTEM = "apple-generic";
				VERSION_INFO_PREFIX = "";
			};
			name = Release;
		};
		12AF83091F8CAEDE00561159 /* Debug */ = {
			isa = XCBuildConfiguration;
			baseConfigurationReference = B122F1B99E5B8247F98E6F36 /* Pods-Pring.debug.xcconfig */;
			buildSettings = {
				CLANG_ENABLE_MODULES = YES;
				CODE_SIGN_IDENTITY = "";
				CODE_SIGN_STYLE = Automatic;
				DEFINES_MODULE = YES;
				DEVELOPMENT_TEAM = 88ACA86N96;
				DYLIB_COMPATIBILITY_VERSION = 1;
				DYLIB_CURRENT_VERSION = 1;
				DYLIB_INSTALL_NAME_BASE = "@rpath";
				INFOPLIST_FILE = Pring/Info.plist;
				INSTALL_PATH = "$(LOCAL_LIBRARY_DIR)/Frameworks";
				LD_RUNPATH_SEARCH_PATHS = "$(inherited) @executable_path/Frameworks @loader_path/Frameworks";
				PRODUCT_BUNDLE_IDENTIFIER = I;
				PRODUCT_NAME = "$(TARGET_NAME:c99extidentifier)";
				SKIP_INSTALL = YES;
				SWIFT_OPTIMIZATION_LEVEL = "-Onone";
				SWIFT_VERSION = 4.2;
				TARGETED_DEVICE_FAMILY = "1,2";
				VALID_ARCHS = "arm64 armv7 armv7s";
			};
			name = Debug;
		};
		12AF830A1F8CAEDE00561159 /* Release */ = {
			isa = XCBuildConfiguration;
			baseConfigurationReference = 1EB6FB58971115CE01BDB30D /* Pods-Pring.release.xcconfig */;
			buildSettings = {
				CLANG_ENABLE_MODULES = YES;
				CODE_SIGN_IDENTITY = "";
				CODE_SIGN_STYLE = Automatic;
				DEFINES_MODULE = YES;
				DEVELOPMENT_TEAM = 88ACA86N96;
				DYLIB_COMPATIBILITY_VERSION = 1;
				DYLIB_CURRENT_VERSION = 1;
				DYLIB_INSTALL_NAME_BASE = "@rpath";
				INFOPLIST_FILE = Pring/Info.plist;
				INSTALL_PATH = "$(LOCAL_LIBRARY_DIR)/Frameworks";
				LD_RUNPATH_SEARCH_PATHS = "$(inherited) @executable_path/Frameworks @loader_path/Frameworks";
				PRODUCT_BUNDLE_IDENTIFIER = I;
				PRODUCT_NAME = "$(TARGET_NAME:c99extidentifier)";
				SKIP_INSTALL = YES;
				SWIFT_VERSION = 4.2;
				TARGETED_DEVICE_FAMILY = "1,2";
				VALID_ARCHS = "arm64 armv7 armv7s";
			};
			name = Release;
		};
		12AF830C1F8CAEDE00561159 /* Debug */ = {
			isa = XCBuildConfiguration;
			baseConfigurationReference = 54FFAEAD7C63F6D4BFEA728B /* Pods-PringTests.debug.xcconfig */;
			buildSettings = {
				ALWAYS_EMBED_SWIFT_STANDARD_LIBRARIES = YES;
				CODE_SIGN_STYLE = Automatic;
				DEVELOPMENT_TEAM = 88ACA86N96;
				INFOPLIST_FILE = PringTests/Info.plist;
				LD_RUNPATH_SEARCH_PATHS = "$(inherited) @executable_path/Frameworks @loader_path/Frameworks";
				PRODUCT_BUNDLE_IDENTIFIER = inc.stamp.PringTests;
				PRODUCT_NAME = "$(TARGET_NAME)";
				SWIFT_VERSION = 4.2;
				TARGETED_DEVICE_FAMILY = "1,2";
			};
			name = Debug;
		};
		12AF830D1F8CAEDE00561159 /* Release */ = {
			isa = XCBuildConfiguration;
			baseConfigurationReference = 9A9F42603EC279D95CFCE125 /* Pods-PringTests.release.xcconfig */;
			buildSettings = {
				ALWAYS_EMBED_SWIFT_STANDARD_LIBRARIES = YES;
				CODE_SIGN_STYLE = Automatic;
				DEVELOPMENT_TEAM = 88ACA86N96;
				INFOPLIST_FILE = PringTests/Info.plist;
				LD_RUNPATH_SEARCH_PATHS = "$(inherited) @executable_path/Frameworks @loader_path/Frameworks";
				PRODUCT_BUNDLE_IDENTIFIER = inc.stamp.PringTests;
				PRODUCT_NAME = "$(TARGET_NAME)";
				SWIFT_VERSION = 4.2;
				TARGETED_DEVICE_FAMILY = "1,2";
			};
			name = Release;
		};
		12AF83491F8CD2F400561159 /* Debug */ = {
			isa = XCBuildConfiguration;
			baseConfigurationReference = CF87E6137C2530BC4F30C35F /* Pods-Sample.debug.xcconfig */;
			buildSettings = {
				ASSETCATALOG_COMPILER_APPICON_NAME = AppIcon;
				CODE_SIGN_STYLE = Automatic;
				DEVELOPMENT_TEAM = 88ACA86N96;
				INFOPLIST_FILE = Sample/Info.plist;
				LD_RUNPATH_SEARCH_PATHS = "$(inherited) @executable_path/Frameworks";
				PRODUCT_BUNDLE_IDENTIFIER = inc.stamp.Pring;
				PRODUCT_NAME = "$(TARGET_NAME)";
				SWIFT_VERSION = 4.0;
				TARGETED_DEVICE_FAMILY = "1,2";
			};
			name = Debug;
		};
		12AF834A1F8CD2F400561159 /* Release */ = {
			isa = XCBuildConfiguration;
			baseConfigurationReference = F47ACB21CA03EF1646475F14 /* Pods-Sample.release.xcconfig */;
			buildSettings = {
				ASSETCATALOG_COMPILER_APPICON_NAME = AppIcon;
				CODE_SIGN_STYLE = Automatic;
				DEVELOPMENT_TEAM = 88ACA86N96;
				INFOPLIST_FILE = Sample/Info.plist;
				LD_RUNPATH_SEARCH_PATHS = "$(inherited) @executable_path/Frameworks";
				PRODUCT_BUNDLE_IDENTIFIER = inc.stamp.Pring;
				PRODUCT_NAME = "$(TARGET_NAME)";
				SWIFT_VERSION = 4.0;
				TARGETED_DEVICE_FAMILY = "1,2";
			};
			name = Release;
		};
/* End XCBuildConfiguration section */

/* Begin XCConfigurationList section */
		12AF82EE1F8CAEDE00561159 /* Build configuration list for PBXProject "Pring" */ = {
			isa = XCConfigurationList;
			buildConfigurations = (
				12AF83061F8CAEDE00561159 /* Debug */,
				12AF83071F8CAEDE00561159 /* Release */,
			);
			defaultConfigurationIsVisible = 0;
			defaultConfigurationName = Release;
		};
		12AF83081F8CAEDE00561159 /* Build configuration list for PBXNativeTarget "Pring" */ = {
			isa = XCConfigurationList;
			buildConfigurations = (
				12AF83091F8CAEDE00561159 /* Debug */,
				12AF830A1F8CAEDE00561159 /* Release */,
			);
			defaultConfigurationIsVisible = 0;
			defaultConfigurationName = Release;
		};
		12AF830B1F8CAEDE00561159 /* Build configuration list for PBXNativeTarget "PringTests" */ = {
			isa = XCConfigurationList;
			buildConfigurations = (
				12AF830C1F8CAEDE00561159 /* Debug */,
				12AF830D1F8CAEDE00561159 /* Release */,
			);
			defaultConfigurationIsVisible = 0;
			defaultConfigurationName = Release;
		};
		12AF83481F8CD2F400561159 /* Build configuration list for PBXNativeTarget "Sample" */ = {
			isa = XCConfigurationList;
			buildConfigurations = (
				12AF83491F8CD2F400561159 /* Debug */,
				12AF834A1F8CD2F400561159 /* Release */,
			);
			defaultConfigurationIsVisible = 0;
			defaultConfigurationName = Release;
		};
/* End XCConfigurationList section */
	};
	rootObject = 12AF82EB1F8CAEDE00561159 /* Project object */;
}
